
Microsoft Visual Studio Solution File, Format Version 11.00
# Visual Studio 2010
Project("{FAE04EC0-301F-11D3-BF4B-00C04F79EFBC}") = "FullBrowserControl", "FullBrowserControl\FullBrowserControl.csproj", "{6DB77319-1DC5-420A-8FEB-B47802480313}"
EndProject
Project("{FAE04EC0-301F-11D3-BF4B-00C04F79EFBC}") = "FullBrowserControlSample", "FullBrowserControlSample\FullBrowserControlSample.csproj", "{B0C00692-8B9D-42E2-AE26-64E8BFECDAF7}"
EndProject
Global
	GlobalSection(SolutionConfigurationPlatforms) = preSolution
		Debug|Any CPU = Debug|Any CPU
		Release|Any CPU = Release|Any CPU
	EndGlobalSection
	GlobalSection(ProjectConfigurationPlatforms) = postSolution
		{6DB77319-1DC5-420A-8FEB-B47802480313}.Debug|Any CPU.ActiveCfg = Debug|Any CPU
		{6DB77319-1DC5-420A-8FEB-B47802480313}.Debug|Any CPU.Build.0 = Debug|Any CPU
		{6DB77319-1DC5-420A-8FEB-B47802480313}.Release|Any CPU.ActiveCfg = Release|Any CPU
		{6DB77319-1DC5-420A-8FEB-B47802480313}.Release|Any CPU.Build.0 = Release|Any CPU
		{B0C00692-8B9D-42E2-AE26-64E8BFECDAF7}.Debug|Any CPU.ActiveCfg = Debug|Any CPU
		{B0C00692-8B9D-42E2-AE26-64E8BFECDAF7}.Debug|Any CPU.Build.0 = Debug|Any CPU
		{B0C00692-8B9D-42E2-AE26-64E8BFECDAF7}.Debug|Any CPU.Deploy.0 = Debug|Any CPU
		{B0C00692-8B9D-42E2-AE26-64E8BFECDAF7}.Release|Any CPU.ActiveCfg = Release|Any CPU
		{B0C00692-8B9D-42E2-AE26-64E8BFECDAF7}.Release|Any CPU.Build.0 = Release|Any CPU
		{B0C00692-8B9D-42E2-AE26-64E8BFECDAF7}.Release|Any CPU.Deploy.0 = Release|Any CPU
	EndGlobalSection
	GlobalSection(SolutionProperties) = preSolution
		HideSolutionNode = FALSE
	EndGlobalSection
EndGlobal
